// !$*UTF8*$!
{
	archiveVersion = 1;
	classes = {
	};
	objectVersion = 50;
	objects = {

/* Begin PBXBuildFile section */
		4D23E79820D169BB00C0285F /* SessionProgress.swift in Sources */ = {isa = PBXBuildFile; fileRef = 4D23E79720D169BB00C0285F /* SessionProgress.swift */; };
		4D23E79920D169DF00C0285F /* SessionProgress.swift in Sources */ = {isa = PBXBuildFile; fileRef = 4D23E79720D169BB00C0285F /* SessionProgress.swift */; };
		4D23E79B20D16A1800C0285F /* Bookmark.swift in Sources */ = {isa = PBXBuildFile; fileRef = 4D23E79A20D16A1800C0285F /* Bookmark.swift */; };
		4D23E79C20D16A1800C0285F /* Bookmark.swift in Sources */ = {isa = PBXBuildFile; fileRef = 4D23E79A20D16A1800C0285F /* Bookmark.swift */; };
		4D23E79E20D16A3800C0285F /* TranscriptAnnotation.swift in Sources */ = {isa = PBXBuildFile; fileRef = 4D23E79D20D16A3800C0285F /* TranscriptAnnotation.swift */; };
		4D23E79F20D16A3800C0285F /* TranscriptAnnotation.swift in Sources */ = {isa = PBXBuildFile; fileRef = 4D23E79D20D16A3800C0285F /* TranscriptAnnotation.swift */; };
		4D23E7A120D16A7300C0285F /* SessionAsset.swift in Sources */ = {isa = PBXBuildFile; fileRef = 4D23E7A020D16A7300C0285F /* SessionAsset.swift */; };
		4D23E7A220D16A7300C0285F /* SessionAsset.swift in Sources */ = {isa = PBXBuildFile; fileRef = 4D23E7A020D16A7300C0285F /* SessionAsset.swift */; };
		4D23E7A420D16AA600C0285F /* Focus.swift in Sources */ = {isa = PBXBuildFile; fileRef = 4D23E7A320D16AA600C0285F /* Focus.swift */; };
		4D23E7A520D16AA600C0285F /* Focus.swift in Sources */ = {isa = PBXBuildFile; fileRef = 4D23E7A320D16AA600C0285F /* Focus.swift */; };
		4D23E7A720D16AD300C0285F /* RelatedResource.swift in Sources */ = {isa = PBXBuildFile; fileRef = 4D23E7A620D16AD300C0285F /* RelatedResource.swift */; };
		4D23E7A820D16AD300C0285F /* RelatedResource.swift in Sources */ = {isa = PBXBuildFile; fileRef = 4D23E7A620D16AD300C0285F /* RelatedResource.swift */; };
		4D23E7AA20D16AF400C0285F /* Favorite.swift in Sources */ = {isa = PBXBuildFile; fileRef = 4D23E7A920D16AF400C0285F /* Favorite.swift */; };
		4D23E7AB20D16AF400C0285F /* Favorite.swift in Sources */ = {isa = PBXBuildFile; fileRef = 4D23E7A920D16AF400C0285F /* Favorite.swift */; };
		4D2C371D20D147E4000F5024 /* AppDelegate.swift in Sources */ = {isa = PBXBuildFile; fileRef = 4D2C371C20D147E4000F5024 /* AppDelegate.swift */; };
		4D2C371F20D147E4000F5024 /* ViewController.swift in Sources */ = {isa = PBXBuildFile; fileRef = 4D2C371E20D147E4000F5024 /* ViewController.swift */; };
		4D2C372220D147E4000F5024 /* Main.storyboard in Resources */ = {isa = PBXBuildFile; fileRef = 4D2C372020D147E4000F5024 /* Main.storyboard */; };
		4D2C372420D147E6000F5024 /* Assets.xcassets in Resources */ = {isa = PBXBuildFile; fileRef = 4D2C372320D147E6000F5024 /* Assets.xcassets */; };
		4D2C372720D147E6000F5024 /* LaunchScreen.storyboard in Resources */ = {isa = PBXBuildFile; fileRef = 4D2C372520D147E6000F5024 /* LaunchScreen.storyboard */; };
		4D2C373520D14821000F5024 /* AppDelegate.swift in Sources */ = {isa = PBXBuildFile; fileRef = 4D2C373420D14821000F5024 /* AppDelegate.swift */; };
		4D2C373720D14821000F5024 /* MacViewController.swift in Sources */ = {isa = PBXBuildFile; fileRef = 4D2C373620D14821000F5024 /* MacViewController.swift */; };
		4D2C373920D14821000F5024 /* Assets.xcassets in Resources */ = {isa = PBXBuildFile; fileRef = 4D2C373820D14821000F5024 /* Assets.xcassets */; };
		4D2C373C20D14821000F5024 /* Main.storyboard in Resources */ = {isa = PBXBuildFile; fileRef = 4D2C373A20D14821000F5024 /* Main.storyboard */; };
		4D8F2F4E20D148D100169321 /* Schema.swift in Sources */ = {isa = PBXBuildFile; fileRef = 4D8F2F4D20D148D100169321 /* Schema.swift */; };
		4D8F2F4F20D148D700169321 /* Schema.swift in Sources */ = {isa = PBXBuildFile; fileRef = 4D8F2F4D20D148D100169321 /* Schema.swift */; };
		4D8F2F5120D148E700169321 /* RealmInteractor.swift in Sources */ = {isa = PBXBuildFile; fileRef = 4D8F2F5020D148E700169321 /* RealmInteractor.swift */; };
		4D8F2F5220D155E700169321 /* RealmInteractor.swift in Sources */ = {isa = PBXBuildFile; fileRef = 4D8F2F5020D148E700169321 /* RealmInteractor.swift */; };
		671DE78603B122B480D617B5 /* Pods_macLinkedObjectsTester.framework in Frameworks */ = {isa = PBXBuildFile; fileRef = EE3996CC2B6E9CD20A6D4455 /* Pods_macLinkedObjectsTester.framework */; };
		9C9D12DEE691D14F57432F0A /* Pods_LinkedObjectsTester.framework in Frameworks */ = {isa = PBXBuildFile; fileRef = 08B37E3B43D175B0B5B7F81C /* Pods_LinkedObjectsTester.framework */; };
/* End PBXBuildFile section */

/* Begin PBXFileReference section */
		08B37E3B43D175B0B5B7F81C /* Pods_LinkedObjectsTester.framework */ = {isa = PBXFileReference; explicitFileType = wrapper.framework; includeInIndex = 0; path = Pods_LinkedObjectsTester.framework; sourceTree = BUILT_PRODUCTS_DIR; };
		4D23E79720D169BB00C0285F /* SessionProgress.swift */ = {isa = PBXFileReference; lastKnownFileType = sourcecode.swift; path = SessionProgress.swift; sourceTree = "<group>"; };
		4D23E79A20D16A1800C0285F /* Bookmark.swift */ = {isa = PBXFileReference; lastKnownFileType = sourcecode.swift; path = Bookmark.swift; sourceTree = "<group>"; };
		4D23E79D20D16A3800C0285F /* TranscriptAnnotation.swift */ = {isa = PBXFileReference; lastKnownFileType = sourcecode.swift; path = TranscriptAnnotation.swift; sourceTree = "<group>"; };
		4D23E7A020D16A7300C0285F /* SessionAsset.swift */ = {isa = PBXFileReference; lastKnownFileType = sourcecode.swift; path = SessionAsset.swift; sourceTree = "<group>"; };
		4D23E7A320D16AA600C0285F /* Focus.swift */ = {isa = PBXFileReference; lastKnownFileType = sourcecode.swift; path = Focus.swift; sourceTree = "<group>"; };
		4D23E7A620D16AD300C0285F /* RelatedResource.swift */ = {isa = PBXFileReference; lastKnownFileType = sourcecode.swift; path = RelatedResource.swift; sourceTree = "<group>"; };
		4D23E7A920D16AF400C0285F /* Favorite.swift */ = {isa = PBXFileReference; lastKnownFileType = sourcecode.swift; path = Favorite.swift; sourceTree = "<group>"; };
		4D2C371920D147E4000F5024 /* LinkedObjectsTester.app */ = {isa = PBXFileReference; explicitFileType = wrapper.application; includeInIndex = 0; path = LinkedObjectsTester.app; sourceTree = BUILT_PRODUCTS_DIR; };
		4D2C371C20D147E4000F5024 /* AppDelegate.swift */ = {isa = PBXFileReference; lastKnownFileType = sourcecode.swift; path = AppDelegate.swift; sourceTree = "<group>"; };
		4D2C371E20D147E4000F5024 /* ViewController.swift */ = {isa = PBXFileReference; lastKnownFileType = sourcecode.swift; path = ViewController.swift; sourceTree = "<group>"; };
		4D2C372120D147E4000F5024 /* Base */ = {isa = PBXFileReference; lastKnownFileType = file.storyboard; name = Base; path = Base.lproj/Main.storyboard; sourceTree = "<group>"; };
		4D2C372320D147E6000F5024 /* Assets.xcassets */ = {isa = PBXFileReference; lastKnownFileType = folder.assetcatalog; path = Assets.xcassets; sourceTree = "<group>"; };
		4D2C372620D147E6000F5024 /* Base */ = {isa = PBXFileReference; lastKnownFileType = file.storyboard; name = Base; path = Base.lproj/LaunchScreen.storyboard; sourceTree = "<group>"; };
		4D2C372820D147E6000F5024 /* Info.plist */ = {isa = PBXFileReference; lastKnownFileType = text.plist.xml; path = Info.plist; sourceTree = "<group>"; };
		4D2C373220D14821000F5024 /* macLinkedObjectsTester.app */ = {isa = PBXFileReference; explicitFileType = wrapper.application; includeInIndex = 0; path = macLinkedObjectsTester.app; sourceTree = BUILT_PRODUCTS_DIR; };
		4D2C373420D14821000F5024 /* AppDelegate.swift */ = {isa = PBXFileReference; lastKnownFileType = sourcecode.swift; path = AppDelegate.swift; sourceTree = "<group>"; };
		4D2C373620D14821000F5024 /* MacViewController.swift */ = {isa = PBXFileReference; lastKnownFileType = sourcecode.swift; path = MacViewController.swift; sourceTree = "<group>"; };
		4D2C373820D14821000F5024 /* Assets.xcassets */ = {isa = PBXFileReference; lastKnownFileType = folder.assetcatalog; path = Assets.xcassets; sourceTree = "<group>"; };
		4D2C373B20D14821000F5024 /* Base */ = {isa = PBXFileReference; lastKnownFileType = file.storyboard; name = Base; path = Base.lproj/Main.storyboard; sourceTree = "<group>"; };
		4D2C373D20D14821000F5024 /* Info.plist */ = {isa = PBXFileReference; lastKnownFileType = text.plist.xml; path = Info.plist; sourceTree = "<group>"; };
		4D2C373E20D14821000F5024 /* macLinkedObjectsTester.entitlements */ = {isa = PBXFileReference; lastKnownFileType = text.plist.entitlements; path = macLinkedObjectsTester.entitlements; sourceTree = "<group>"; };
		4D8F2F4D20D148D100169321 /* Schema.swift */ = {isa = PBXFileReference; lastKnownFileType = sourcecode.swift; path = Schema.swift; sourceTree = "<group>"; };
		4D8F2F5020D148E700169321 /* RealmInteractor.swift */ = {isa = PBXFileReference; lastKnownFileType = sourcecode.swift; path = RealmInteractor.swift; sourceTree = "<group>"; };
		5B915A4085FF17BCE92A8B5D /* Pods-macLinkedObjectsTester.debug.xcconfig */ = {isa = PBXFileReference; includeInIndex = 1; lastKnownFileType = text.xcconfig; name = "Pods-macLinkedObjectsTester.debug.xcconfig"; path = "Pods/Target Support Files/Pods-macLinkedObjectsTester/Pods-macLinkedObjectsTester.debug.xcconfig"; sourceTree = "<group>"; };
		6456733FB65E4B4C1F896F74 /* Pods-LinkedObjectsTester.debug.xcconfig */ = {isa = PBXFileReference; includeInIndex = 1; lastKnownFileType = text.xcconfig; name = "Pods-LinkedObjectsTester.debug.xcconfig"; path = "Pods/Target Support Files/Pods-LinkedObjectsTester/Pods-LinkedObjectsTester.debug.xcconfig"; sourceTree = "<group>"; };
		A50770440B540DD5C7DAB7D0 /* Pods-macLinkedObjectsTester.release.xcconfig */ = {isa = PBXFileReference; includeInIndex = 1; lastKnownFileType = text.xcconfig; name = "Pods-macLinkedObjectsTester.release.xcconfig"; path = "Pods/Target Support Files/Pods-macLinkedObjectsTester/Pods-macLinkedObjectsTester.release.xcconfig"; sourceTree = "<group>"; };
		A5A5A3E664A1831CC30C79B6 /* Pods-LinkedObjectsTester.release.xcconfig */ = {isa = PBXFileReference; includeInIndex = 1; lastKnownFileType = text.xcconfig; name = "Pods-LinkedObjectsTester.release.xcconfig"; path = "Pods/Target Support Files/Pods-LinkedObjectsTester/Pods-LinkedObjectsTester.release.xcconfig"; sourceTree = "<group>"; };
		EE3996CC2B6E9CD20A6D4455 /* Pods_macLinkedObjectsTester.framework */ = {isa = PBXFileReference; explicitFileType = wrapper.framework; includeInIndex = 0; path = Pods_macLinkedObjectsTester.framework; sourceTree = BUILT_PRODUCTS_DIR; };
/* End PBXFileReference section */

/* Begin PBXFrameworksBuildPhase section */
		4D2C371620D147E4000F5024 /* Frameworks */ = {
			isa = PBXFrameworksBuildPhase;
			buildActionMask = 2147483647;
			files = (
				9C9D12DEE691D14F57432F0A /* Pods_LinkedObjectsTester.framework in Frameworks */,
			);
			runOnlyForDeploymentPostprocessing = 0;
		};
		4D2C372F20D14821000F5024 /* Frameworks */ = {
			isa = PBXFrameworksBuildPhase;
			buildActionMask = 2147483647;
			files = (
				671DE78603B122B480D617B5 /* Pods_macLinkedObjectsTester.framework in Frameworks */,
			);
			runOnlyForDeploymentPostprocessing = 0;
		};
/* End PBXFrameworksBuildPhase section */

/* Begin PBXGroup section */
		4D2C371020D147E4000F5024 = {
			isa = PBXGroup;
			children = (
				4D23E7A620D16AD300C0285F /* RelatedResource.swift */,
				4D23E7A920D16AF400C0285F /* Favorite.swift */,
				4D23E7A320D16AA600C0285F /* Focus.swift */,
				4D23E7A020D16A7300C0285F /* SessionAsset.swift */,
				4D23E79D20D16A3800C0285F /* TranscriptAnnotation.swift */,
				4D23E79720D169BB00C0285F /* SessionProgress.swift */,
				4D23E79A20D16A1800C0285F /* Bookmark.swift */,
				4D8F2F4D20D148D100169321 /* Schema.swift */,
				4D8F2F5020D148E700169321 /* RealmInteractor.swift */,
				4D2C371B20D147E4000F5024 /* LinkedObjectsTester */,
				4D2C373320D14821000F5024 /* macLinkedObjectsTester */,
				4D2C371A20D147E4000F5024 /* Products */,
				88A466D17EF9AF47F2D7B326 /* Pods */,
				FABC0319C94D7392317116E3 /* Frameworks */,
			);
			sourceTree = "<group>";
		};
		4D2C371A20D147E4000F5024 /* Products */ = {
			isa = PBXGroup;
			children = (
				4D2C371920D147E4000F5024 /* LinkedObjectsTester.app */,
				4D2C373220D14821000F5024 /* macLinkedObjectsTester.app */,
			);
			name = Products;
			sourceTree = "<group>";
		};
		4D2C371B20D147E4000F5024 /* LinkedObjectsTester */ = {
			isa = PBXGroup;
			children = (
				4D2C371C20D147E4000F5024 /* AppDelegate.swift */,
				4D2C371E20D147E4000F5024 /* ViewController.swift */,
				4D2C372020D147E4000F5024 /* Main.storyboard */,
				4D2C372320D147E6000F5024 /* Assets.xcassets */,
				4D2C372520D147E6000F5024 /* LaunchScreen.storyboard */,
				4D2C372820D147E6000F5024 /* Info.plist */,
			);
			path = LinkedObjectsTester;
			sourceTree = "<group>";
		};
		4D2C373320D14821000F5024 /* macLinkedObjectsTester */ = {
			isa = PBXGroup;
			children = (
				4D2C373420D14821000F5024 /* AppDelegate.swift */,
				4D2C373620D14821000F5024 /* MacViewController.swift */,
				4D2C373820D14821000F5024 /* Assets.xcassets */,
				4D2C373A20D14821000F5024 /* Main.storyboard */,
				4D2C373D20D14821000F5024 /* Info.plist */,
				4D2C373E20D14821000F5024 /* macLinkedObjectsTester.entitlements */,
			);
			path = macLinkedObjectsTester;
			sourceTree = "<group>";
		};
		88A466D17EF9AF47F2D7B326 /* Pods */ = {
			isa = PBXGroup;
			children = (
				6456733FB65E4B4C1F896F74 /* Pods-LinkedObjectsTester.debug.xcconfig */,
				A5A5A3E664A1831CC30C79B6 /* Pods-LinkedObjectsTester.release.xcconfig */,
				5B915A4085FF17BCE92A8B5D /* Pods-macLinkedObjectsTester.debug.xcconfig */,
				A50770440B540DD5C7DAB7D0 /* Pods-macLinkedObjectsTester.release.xcconfig */,
			);
			name = Pods;
			sourceTree = "<group>";
		};
		FABC0319C94D7392317116E3 /* Frameworks */ = {
			isa = PBXGroup;
			children = (
				08B37E3B43D175B0B5B7F81C /* Pods_LinkedObjectsTester.framework */,
				EE3996CC2B6E9CD20A6D4455 /* Pods_macLinkedObjectsTester.framework */,
			);
			name = Frameworks;
			sourceTree = "<group>";
		};
/* End PBXGroup section */

/* Begin PBXNativeTarget section */
		4D2C371820D147E4000F5024 /* LinkedObjectsTester */ = {
			isa = PBXNativeTarget;
			buildConfigurationList = 4D2C372B20D147E6000F5024 /* Build configuration list for PBXNativeTarget "LinkedObjectsTester" */;
			buildPhases = (
				D5876CAC99608E7A1CFD7620 /* [CP] Check Pods Manifest.lock */,
				4D2C371520D147E4000F5024 /* Sources */,
				4D2C371620D147E4000F5024 /* Frameworks */,
				4D2C371720D147E4000F5024 /* Resources */,
				DA0A6240A66F95CA43D792D8 /* [CP] Embed Pods Frameworks */,
			);
			buildRules = (
			);
			dependencies = (
			);
			name = LinkedObjectsTester;
			productName = LinkedObjectsTester;
			productReference = 4D2C371920D147E4000F5024 /* LinkedObjectsTester.app */;
			productType = "com.apple.product-type.application";
		};
		4D2C373120D14821000F5024 /* macLinkedObjectsTester */ = {
			isa = PBXNativeTarget;
			buildConfigurationList = 4D2C373F20D14821000F5024 /* Build configuration list for PBXNativeTarget "macLinkedObjectsTester" */;
			buildPhases = (
				06AFB74800D355BB64A61D05 /* [CP] Check Pods Manifest.lock */,
				4D2C372E20D14821000F5024 /* Sources */,
				4D2C372F20D14821000F5024 /* Frameworks */,
				4D2C373020D14821000F5024 /* Resources */,
				D143544FF185E2F3E3CC0A1B /* [CP] Embed Pods Frameworks */,
			);
			buildRules = (
			);
			dependencies = (
			);
			name = macLinkedObjectsTester;
			productName = macLinkedObjectsTester;
			productReference = 4D2C373220D14821000F5024 /* macLinkedObjectsTester.app */;
			productType = "com.apple.product-type.application";
		};
/* End PBXNativeTarget section */

/* Begin PBXProject section */
		4D2C371120D147E4000F5024 /* Project object */ = {
			isa = PBXProject;
			attributes = {
				LastSwiftUpdateCheck = 0940;
				LastUpgradeCheck = 0940;
				ORGANIZATIONNAME = Allen;
				TargetAttributes = {
					4D2C371820D147E4000F5024 = {
						CreatedOnToolsVersion = 9.4;
					};
					4D2C373120D14821000F5024 = {
						CreatedOnToolsVersion = 9.4;
					};
				};
			};
			buildConfigurationList = 4D2C371420D147E4000F5024 /* Build configuration list for PBXProject "LinkedObjectsTester" */;
			compatibilityVersion = "Xcode 9.3";
			developmentRegion = en;
			hasScannedForEncodings = 0;
			knownRegions = (
				en,
				Base,
			);
			mainGroup = 4D2C371020D147E4000F5024;
			productRefGroup = 4D2C371A20D147E4000F5024 /* Products */;
			projectDirPath = "";
			projectRoot = "";
			targets = (
				4D2C371820D147E4000F5024 /* LinkedObjectsTester */,
				4D2C373120D14821000F5024 /* macLinkedObjectsTester */,
			);
		};
/* End PBXProject section */

/* Begin PBXResourcesBuildPhase section */
		4D2C371720D147E4000F5024 /* Resources */ = {
			isa = PBXResourcesBuildPhase;
			buildActionMask = 2147483647;
			files = (
				4D2C372720D147E6000F5024 /* LaunchScreen.storyboard in Resources */,
				4D2C372420D147E6000F5024 /* Assets.xcassets in Resources */,
				4D2C372220D147E4000F5024 /* Main.storyboard in Resources */,
			);
			runOnlyForDeploymentPostprocessing = 0;
		};
		4D2C373020D14821000F5024 /* Resources */ = {
			isa = PBXResourcesBuildPhase;
			buildActionMask = 2147483647;
			files = (
				4D2C373920D14821000F5024 /* Assets.xcassets in Resources */,
				4D2C373C20D14821000F5024 /* Main.storyboard in Resources */,
			);
			runOnlyForDeploymentPostprocessing = 0;
		};
/* End PBXResourcesBuildPhase section */

/* Begin PBXShellScriptBuildPhase section */
		06AFB74800D355BB64A61D05 /* [CP] Check Pods Manifest.lock */ = {
			isa = PBXShellScriptBuildPhase;
			buildActionMask = 2147483647;
			files = (
			);
			inputPaths = (
				"${PODS_PODFILE_DIR_PATH}/Podfile.lock",
				"${PODS_ROOT}/Manifest.lock",
			);
			name = "[CP] Check Pods Manifest.lock";
			outputPaths = (
				"$(DERIVED_FILE_DIR)/Pods-macLinkedObjectsTester-checkManifestLockResult.txt",
			);
			runOnlyForDeploymentPostprocessing = 0;
			shellPath = /bin/sh;
			shellScript = "diff \"${PODS_PODFILE_DIR_PATH}/Podfile.lock\" \"${PODS_ROOT}/Manifest.lock\" > /dev/null\nif [ $? != 0 ] ; then\n    # print error to STDERR\n    echo \"error: The sandbox is not in sync with the Podfile.lock. Run 'pod install' or update your CocoaPods installation.\" >&2\n    exit 1\nfi\n# This output is used by Xcode 'outputs' to avoid re-running this script phase.\necho \"SUCCESS\" > \"${SCRIPT_OUTPUT_FILE_0}\"\n";
			showEnvVarsInLog = 0;
		};
		D143544FF185E2F3E3CC0A1B /* [CP] Embed Pods Frameworks */ = {
			isa = PBXShellScriptBuildPhase;
			buildActionMask = 2147483647;
			files = (
			);
			inputPaths = (
				"${SRCROOT}/Pods/Target Support Files/Pods-macLinkedObjectsTester/Pods-macLinkedObjectsTester-frameworks.sh",
				"${BUILT_PRODUCTS_DIR}/Realm-macOS/Realm.framework",
				"${BUILT_PRODUCTS_DIR}/RealmSwift-macOS/RealmSwift.framework",
			);
			name = "[CP] Embed Pods Frameworks";
			outputPaths = (
				"${TARGET_BUILD_DIR}/${FRAMEWORKS_FOLDER_PATH}/Realm.framework",
				"${TARGET_BUILD_DIR}/${FRAMEWORKS_FOLDER_PATH}/RealmSwift.framework",
			);
			runOnlyForDeploymentPostprocessing = 0;
			shellPath = /bin/sh;
			shellScript = "\"${SRCROOT}/Pods/Target Support Files/Pods-macLinkedObjectsTester/Pods-macLinkedObjectsTester-frameworks.sh\"\n";
			showEnvVarsInLog = 0;
		};
		D5876CAC99608E7A1CFD7620 /* [CP] Check Pods Manifest.lock */ = {
			isa = PBXShellScriptBuildPhase;
			buildActionMask = 2147483647;
			files = (
			);
			inputPaths = (
				"${PODS_PODFILE_DIR_PATH}/Podfile.lock",
				"${PODS_ROOT}/Manifest.lock",
			);
			name = "[CP] Check Pods Manifest.lock";
			outputPaths = (
				"$(DERIVED_FILE_DIR)/Pods-LinkedObjectsTester-checkManifestLockResult.txt",
			);
			runOnlyForDeploymentPostprocessing = 0;
			shellPath = /bin/sh;
			shellScript = "diff \"${PODS_PODFILE_DIR_PATH}/Podfile.lock\" \"${PODS_ROOT}/Manifest.lock\" > /dev/null\nif [ $? != 0 ] ; then\n    # print error to STDERR\n    echo \"error: The sandbox is not in sync with the Podfile.lock. Run 'pod install' or update your CocoaPods installation.\" >&2\n    exit 1\nfi\n# This output is used by Xcode 'outputs' to avoid re-running this script phase.\necho \"SUCCESS\" > \"${SCRIPT_OUTPUT_FILE_0}\"\n";
			showEnvVarsInLog = 0;
		};
		DA0A6240A66F95CA43D792D8 /* [CP] Embed Pods Frameworks */ = {
			isa = PBXShellScriptBuildPhase;
			buildActionMask = 2147483647;
			files = (
			);
			inputPaths = (
				"${SRCROOT}/Pods/Target Support Files/Pods-LinkedObjectsTester/Pods-LinkedObjectsTester-frameworks.sh",
				"${BUILT_PRODUCTS_DIR}/Realm-iOS/Realm.framework",
				"${BUILT_PRODUCTS_DIR}/RealmSwift-iOS/RealmSwift.framework",
			);
			name = "[CP] Embed Pods Frameworks";
			outputPaths = (
				"${TARGET_BUILD_DIR}/${FRAMEWORKS_FOLDER_PATH}/Realm.framework",
				"${TARGET_BUILD_DIR}/${FRAMEWORKS_FOLDER_PATH}/RealmSwift.framework",
			);
			runOnlyForDeploymentPostprocessing = 0;
			shellPath = /bin/sh;
			shellScript = "\"${SRCROOT}/Pods/Target Support Files/Pods-LinkedObjectsTester/Pods-LinkedObjectsTester-frameworks.sh\"\n";
			showEnvVarsInLog = 0;
		};
/* End PBXShellScriptBuildPhase section */

/* Begin PBXSourcesBuildPhase section */
		4D2C371520D147E4000F5024 /* Sources */ = {
			isa = PBXSourcesBuildPhase;
			buildActionMask = 2147483647;
			files = (
				4D23E7A420D16AA600C0285F /* Focus.swift in Sources */,
				4D23E79E20D16A3800C0285F /* TranscriptAnnotation.swift in Sources */,
				4D23E7A120D16A7300C0285F /* SessionAsset.swift in Sources */,
				4D23E79820D169BB00C0285F /* SessionProgress.swift in Sources */,
				4D8F2F5120D148E700169321 /* RealmInteractor.swift in Sources */,
				4D23E7A720D16AD300C0285F /* RelatedResource.swift in Sources */,
				4D23E7AA20D16AF400C0285F /* Favorite.swift in Sources */,
				4D8F2F4E20D148D100169321 /* Schema.swift in Sources */,
				4D2C371F20D147E4000F5024 /* ViewController.swift in Sources */,
				4D2C371D20D147E4000F5024 /* AppDelegate.swift in Sources */,
				4D23E79B20D16A1800C0285F /* Bookmark.swift in Sources */,
			);
			runOnlyForDeploymentPostprocessing = 0;
		};
		4D2C372E20D14821000F5024 /* Sources */ = {
			isa = PBXSourcesBuildPhase;
			buildActionMask = 2147483647;
			files = (
				4D23E7A520D16AA600C0285F /* Focus.swift in Sources */,
				4D23E79F20D16A3800C0285F /* TranscriptAnnotation.swift in Sources */,
				4D23E7A220D16A7300C0285F /* SessionAsset.swift in Sources */,
				4D23E79920D169DF00C0285F /* SessionProgress.swift in Sources */,
				4D8F2F5220D155E700169321 /* RealmInteractor.swift in Sources */,
				4D23E7A820D16AD300C0285F /* RelatedResource.swift in Sources */,
				4D23E7AB20D16AF400C0285F /* Favorite.swift in Sources */,
				4D8F2F4F20D148D700169321 /* Schema.swift in Sources */,
				4D2C373720D14821000F5024 /* MacViewController.swift in Sources */,
				4D2C373520D14821000F5024 /* AppDelegate.swift in Sources */,
				4D23E79C20D16A1800C0285F /* Bookmark.swift in Sources */,
			);
			runOnlyForDeploymentPostprocessing = 0;
		};
/* End PBXSourcesBuildPhase section */

/* Begin PBXVariantGroup section */
		4D2C372020D147E4000F5024 /* Main.storyboard */ = {
			isa = PBXVariantGroup;
			children = (
				4D2C372120D147E4000F5024 /* Base */,
			);
			name = Main.storyboard;
			sourceTree = "<group>";
		};
		4D2C372520D147E6000F5024 /* LaunchScreen.storyboard */ = {
			isa = PBXVariantGroup;
			children = (
				4D2C372620D147E6000F5024 /* Base */,
			);
			name = LaunchScreen.storyboard;
			sourceTree = "<group>";
		};
		4D2C373A20D14821000F5024 /* Main.storyboard */ = {
			isa = PBXVariantGroup;
			children = (
				4D2C373B20D14821000F5024 /* Base */,
			);
			name = Main.storyboard;
			sourceTree = "<group>";
		};
/* End PBXVariantGroup section */

/* Begin XCBuildConfiguration section */
		4D2C372920D147E6000F5024 /* Debug */ = {
			isa = XCBuildConfiguration;
			buildSettings = {
				ALWAYS_SEARCH_USER_PATHS = NO;
				CLANG_ANALYZER_NONNULL = YES;
				CLANG_ANALYZER_NUMBER_OBJECT_CONVERSION = YES_AGGRESSIVE;
				CLANG_CXX_LANGUAGE_STANDARD = "gnu++14";
				CLANG_CXX_LIBRARY = "libc++";
				CLANG_ENABLE_MODULES = YES;
				CLANG_ENABLE_OBJC_ARC = YES;
				CLANG_ENABLE_OBJC_WEAK = YES;
				CLANG_WARN_BLOCK_CAPTURE_AUTORELEASING = YES;
				CLANG_WARN_BOOL_CONVERSION = YES;
				CLANG_WARN_COMMA = YES;
				CLANG_WARN_CONSTANT_CONVERSION = YES;
				CLANG_WARN_DEPRECATED_OBJC_IMPLEMENTATIONS = YES;
				CLANG_WARN_DIRECT_OBJC_ISA_USAGE = YES_ERROR;
				CLANG_WARN_DOCUMENTATION_COMMENTS = YES;
				CLANG_WARN_EMPTY_BODY = YES;
				CLANG_WARN_ENUM_CONVERSION = YES;
				CLANG_WARN_INFINITE_RECURSION = YES;
				CLANG_WARN_INT_CONVERSION = YES;
				CLANG_WARN_NON_LITERAL_NULL_CONVERSION = YES;
				CLANG_WARN_OBJC_IMPLICIT_RETAIN_SELF = YES;
				CLANG_WARN_OBJC_LITERAL_CONVERSION = YES;
				CLANG_WARN_OBJC_ROOT_CLASS = YES_ERROR;
				CLANG_WARN_RANGE_LOOP_ANALYSIS = YES;
				CLANG_WARN_STRICT_PROTOTYPES = YES;
				CLANG_WARN_SUSPICIOUS_MOVE = YES;
				CLANG_WARN_UNGUARDED_AVAILABILITY = YES_AGGRESSIVE;
				CLANG_WARN_UNREACHABLE_CODE = YES;
				CLANG_WARN__DUPLICATE_METHOD_MATCH = YES;
				CODE_SIGN_IDENTITY = "iPhone Developer";
				COPY_PHASE_STRIP = NO;
				DEBUG_INFORMATION_FORMAT = dwarf;
				ENABLE_STRICT_OBJC_MSGSEND = YES;
				ENABLE_TESTABILITY = YES;
				GCC_C_LANGUAGE_STANDARD = gnu11;
				GCC_DYNAMIC_NO_PIC = NO;
				GCC_NO_COMMON_BLOCKS = YES;
				GCC_OPTIMIZATION_LEVEL = 0;
				GCC_PREPROCESSOR_DEFINITIONS = (
					"DEBUG=1",
					"$(inherited)",
				);
				GCC_WARN_64_TO_32_BIT_CONVERSION = YES;
				GCC_WARN_ABOUT_RETURN_TYPE = YES_ERROR;
				GCC_WARN_UNDECLARED_SELECTOR = YES;
				GCC_WARN_UNINITIALIZED_AUTOS = YES_AGGRESSIVE;
				GCC_WARN_UNUSED_FUNCTION = YES;
				GCC_WARN_UNUSED_VARIABLE = YES;
				IPHONEOS_DEPLOYMENT_TARGET = 11.4;
				MTL_ENABLE_DEBUG_INFO = YES;
				ONLY_ACTIVE_ARCH = YES;
				SDKROOT = iphoneos;
				SWIFT_ACTIVE_COMPILATION_CONDITIONS = DEBUG;
				SWIFT_OPTIMIZATION_LEVEL = "-Onone";
			};
			name = Debug;
		};
		4D2C372A20D147E6000F5024 /* Release */ = {
			isa = XCBuildConfiguration;
			buildSettings = {
				ALWAYS_SEARCH_USER_PATHS = NO;
				CLANG_ANALYZER_NONNULL = YES;
				CLANG_ANALYZER_NUMBER_OBJECT_CONVERSION = YES_AGGRESSIVE;
				CLANG_CXX_LANGUAGE_STANDARD = "gnu++14";
				CLANG_CXX_LIBRARY = "libc++";
				CLANG_ENABLE_MODULES = YES;
				CLANG_ENABLE_OBJC_ARC = YES;
				CLANG_ENABLE_OBJC_WEAK = YES;
				CLANG_WARN_BLOCK_CAPTURE_AUTORELEASING = YES;
				CLANG_WARN_BOOL_CONVERSION = YES;
				CLANG_WARN_COMMA = YES;
				CLANG_WARN_CONSTANT_CONVERSION = YES;
				CLANG_WARN_DEPRECATED_OBJC_IMPLEMENTATIONS = YES;
				CLANG_WARN_DIRECT_OBJC_ISA_USAGE = YES_ERROR;
				CLANG_WARN_DOCUMENTATION_COMMENTS = YES;
				CLANG_WARN_EMPTY_BODY = YES;
				CLANG_WARN_ENUM_CONVERSION = YES;
				CLANG_WARN_INFINITE_RECURSION = YES;
				CLANG_WARN_INT_CONVERSION = YES;
				CLANG_WARN_NON_LITERAL_NULL_CONVERSION = YES;
				CLANG_WARN_OBJC_IMPLICIT_RETAIN_SELF = YES;
				CLANG_WARN_OBJC_LITERAL_CONVERSION = YES;
				CLANG_WARN_OBJC_ROOT_CLASS = YES_ERROR;
				CLANG_WARN_RANGE_LOOP_ANALYSIS = YES;
				CLANG_WARN_STRICT_PROTOTYPES = YES;
				CLANG_WARN_SUSPICIOUS_MOVE = YES;
				CLANG_WARN_UNGUARDED_AVAILABILITY = YES_AGGRESSIVE;
				CLANG_WARN_UNREACHABLE_CODE = YES;
				CLANG_WARN__DUPLICATE_METHOD_MATCH = YES;
				CODE_SIGN_IDENTITY = "iPhone Developer";
				COPY_PHASE_STRIP = NO;
				DEBUG_INFORMATION_FORMAT = "dwarf-with-dsym";
				ENABLE_NS_ASSERTIONS = NO;
				ENABLE_STRICT_OBJC_MSGSEND = YES;
				GCC_C_LANGUAGE_STANDARD = gnu11;
				GCC_NO_COMMON_BLOCKS = YES;
				GCC_WARN_64_TO_32_BIT_CONVERSION = YES;
				GCC_WARN_ABOUT_RETURN_TYPE = YES_ERROR;
				GCC_WARN_UNDECLARED_SELECTOR = YES;
				GCC_WARN_UNINITIALIZED_AUTOS = YES_AGGRESSIVE;
				GCC_WARN_UNUSED_FUNCTION = YES;
				GCC_WARN_UNUSED_VARIABLE = YES;
				IPHONEOS_DEPLOYMENT_TARGET = 11.4;
				MTL_ENABLE_DEBUG_INFO = NO;
				SDKROOT = iphoneos;
				SWIFT_COMPILATION_MODE = wholemodule;
				SWIFT_OPTIMIZATION_LEVEL = "-O";
				VALIDATE_PRODUCT = YES;
			};
			name = Release;
		};
		4D2C372C20D147E6000F5024 /* Debug */ = {
			isa = XCBuildConfiguration;
			baseConfigurationReference = 6456733FB65E4B4C1F896F74 /* Pods-LinkedObjectsTester.debug.xcconfig */;
			buildSettings = {
				ASSETCATALOG_COMPILER_APPICON_NAME = AppIcon;
				CODE_SIGN_STYLE = Automatic;
				INFOPLIST_FILE = LinkedObjectsTester/Info.plist;
				LD_RUNPATH_SEARCH_PATHS = (
					"$(inherited)",
					"@executable_path/Frameworks",
				);
				PRODUCT_BUNDLE_IDENTIFIER = com.example.LinkedObjectsTester;
				PRODUCT_NAME = "$(TARGET_NAME)";
				SWIFT_VERSION = 4.0;
				TARGETED_DEVICE_FAMILY = "1,2";
			};
			name = Debug;
		};
		4D2C372D20D147E6000F5024 /* Release */ = {
			isa = XCBuildConfiguration;
			baseConfigurationReference = A5A5A3E664A1831CC30C79B6 /* Pods-LinkedObjectsTester.release.xcconfig */;
			buildSettings = {
				ASSETCATALOG_COMPILER_APPICON_NAME = AppIcon;
				CODE_SIGN_STYLE = Automatic;
				INFOPLIST_FILE = LinkedObjectsTester/Info.plist;
				LD_RUNPATH_SEARCH_PATHS = (
					"$(inherited)",
					"@executable_path/Frameworks",
				);
				PRODUCT_BUNDLE_IDENTIFIER = com.example.LinkedObjectsTester;
				PRODUCT_NAME = "$(TARGET_NAME)";
				SWIFT_VERSION = 4.0;
				TARGETED_DEVICE_FAMILY = "1,2";
			};
			name = Release;
		};
		4D2C374020D14821000F5024 /* Debug */ = {
			isa = XCBuildConfiguration;
			baseConfigurationReference = 5B915A4085FF17BCE92A8B5D /* Pods-macLinkedObjectsTester.debug.xcconfig */;
			buildSettings = {
				ASSETCATALOG_COMPILER_APPICON_NAME = AppIcon;
				CODE_SIGN_ENTITLEMENTS = macLinkedObjectsTester/macLinkedObjectsTester.entitlements;
				CODE_SIGN_IDENTITY = "-";
				CODE_SIGN_STYLE = Automatic;
				COMBINE_HIDPI_IMAGES = YES;
				INFOPLIST_FILE = macLinkedObjectsTester/Info.plist;
				LD_RUNPATH_SEARCH_PATHS = (
					"$(inherited)",
					"@executable_path/../Frameworks",
				);
				MACOSX_DEPLOYMENT_TARGET = 10.13;
				PRODUCT_BUNDLE_IDENTIFIER = com.example.macLinkedObjectsTester;
				PRODUCT_NAME = "$(TARGET_NAME)";
				SDKROOT = macosx;
				SWIFT_VERSION = 4.0;
			};
			name = Debug;
		};
		4D2C374120D14821000F5024 /* Release */ = {
			isa = XCBuildConfiguration;
			baseConfigurationReference = A50770440B540DD5C7DAB7D0 /* Pods-macLinkedObjectsTester.release.xcconfig */;
			buildSettings = {
				ASSETCATALOG_COMPILER_APPICON_NAME = AppIcon;
				CODE_SIGN_ENTITLEMENTS = macLinkedObjectsTester/macLinkedObjectsTester.entitlements;
				CODE_SIGN_IDENTITY = "-";
				CODE_SIGN_STYLE = Automatic;
				COMBINE_HIDPI_IMAGES = YES;
				INFOPLIST_FILE = macLinkedObjectsTester/Info.plist;
				LD_RUNPATH_SEARCH_PATHS = (
					"$(inherited)",
					"@executable_path/../Frameworks",
				);
				MACOSX_DEPLOYMENT_TARGET = 10.13;
				PRODUCT_BUNDLE_IDENTIFIER = com.example.macLinkedObjectsTester;
				PRODUCT_NAME = "$(TARGET_NAME)";
				SDKROOT = macosx;
				SWIFT_VERSION = 4.0;
			};
			name = Release;
		};
/* End XCBuildConfiguration section */

/* Begin XCConfigurationList section */
		4D2C371420D147E4000F5024 /* Build configuration list for PBXProject "LinkedObjectsTester" */ = {
			isa = XCConfigurationList;
			buildConfigurations = (
				4D2C372920D147E6000F5024 /* Debug */,
				4D2C372A20D147E6000F5024 /* Release */,
			);
			defaultConfigurationIsVisible = 0;
			defaultConfigurationName = Release;
		};
		4D2C372B20D147E6000F5024 /* Build configuration list for PBXNativeTarget "LinkedObjectsTester" */ = {
			isa = XCConfigurationList;
			buildConfigurations = (
				4D2C372C20D147E6000F5024 /* Debug */,
				4D2C372D20D147E6000F5024 /* Release */,
			);
			defaultConfigurationIsVisible = 0;
			defaultConfigurationName = Release;
		};
		4D2C373F20D14821000F5024 /* Build configuration list for PBXNativeTarget "macLinkedObjectsTester" */ = {
			isa = XCConfigurationList;
			buildConfigurations = (
				4D2C374020D14821000F5024 /* Debug */,
				4D2C374120D14821000F5024 /* Release */,
			);
			defaultConfigurationIsVisible = 0;
			defaultConfigurationName = Release;
		};
/* End XCConfigurationList section */
	};
	rootObject = 4D2C371120D147E4000F5024 /* Project object */;
}
